dependencies:
  espressif/cmake_utilities:
    component_hash: 351350613ceafba240b761b4ea991e0f231ac7a9f59a9ee901f751bddc0bb18f
    dependencies:
    - name: idf
      require: private
      version: '>=4.1'
    source:
      registry_url: https://components.espressif.com
      type: service
    version: 0.5.3
  espressif/esp_lcd_sh8601:
    component_hash: 9597cce74af4bae0ec423ee819a2916b995ff3e5bb8d590bdb0a27fa9e715dab
    dependencies:
    - name: idf
      require: private
      version: '>5.0.4,!=5.1.1'
    - name: espressif/cmake_utilities
      registry_url: https://components.espressif.com
      require: private
      version: 0.*
    source:
      registry_url: https://components.espressif.com/
      type: service
    version: 1.0.0
  espressif/esp_lcd_touch:
    component_hash: 3f85a7d95af876f1a6ecca8eb90a81614890d0f03a038390804e5a77e2caf862
    dependencies:
    - name: idf
      require: private
      version: '>=4.4.2'
    source:
      registry_url: https://components.espressif.com
      type: service
    version: 1.2.1
  idf:
    source:
      type: idf
    version: 5.5.2
  lvgl/lvgl:
    component_hash: 7d82410747bbfb319531449749e940f440f8414f041f9eaba13f0d1dd7f58cdd
    dependencies:
    - name: espressif/freetype
      registry_url: https://components.espressif.com
      require: private
      rules:
      - if: idf_version >=5.5 && $CONFIG{LV_USE_FREETYPE} == True
      version: ^2.14.3
    - name: espressif/libjpeg-turbo
      registry_url: https://components.espressif.com
      require: private
      rules:
      - if: idf_version >=5.5 && $CONFIG{LV_USE_LIBJPEG_TURBO} == True
      version: ^3.1.1
    - name: espressif/libpng
      registry_url: https://components.espressif.com
      require: private
      rules:
      - if: idf_version >=5.5 && $CONFIG{LV_USE_LIBPNG} == True
      version: ^1.6.58
    - name: espressif/lz4
      registry_url: https://components.espressif.com
      require: private
      rules:
      - if: idf_version >=5.5 && $CONFIG{LV_USE_LZ4} == True && $CONFIG{LV_USE_LZ4_INTERNAL} == False
      version: ^1.10.0
    source:
      registry_url: https://components.espressif.com/
      type: service
    version: 9.6.0~1
  waveshare/esp_lcd_touch_cst9217:
    component_hash: 27a00845832b7987cacf4c4125cbed5415d940987583065b01870ac080930856
    dependencies:
    - name: espressif/esp_lcd_touch
      registry_url: https://components.espressif.com
      require: public
      version: ^1.1.0
    - name: idf
      require: private
      version: '>=4.4.2'
    source:
      registry_url: https://components.espressif.com/
      type: service
    version: 1.0.4
direct_dependencies:
- espressif/esp_lcd_sh8601
- idf
- lvgl/lvgl
- waveshare/esp_lcd_touch_cst9217
manifest_hash: c190271c0dc9341aa3e19c9202e23fe987e76593c16debf862c2993988459b3f
target: esp32c6
version: 2.0.0
